uuid: 26cbff97-f377-4a85-82b6-462c22172b88
langcode: en
status: true
dependencies:
  config:
    - block_content.type.reusable_block
    - core.entity_view_mode.block_content.reusable_block
    - field.field.block_content.reusable_block.body
    - field.field.block_content.reusable_block.field_pattern_category
    - field.field.block_content.reusable_block.field_pattern_sync_status
  module:
    - gutenberg
  enforced:
    module:
      - gutenberg
_core:
  default_config_hash: 427F2dN9fVVhf3h0m6p6kb5_zirvpmcWxoLNisxBrB4
id: block_content.reusable_block.reusable_block
targetEntityType: block_content
bundle: reusable_block
mode: reusable_block
content:
  body:
    type: gutenberg_text
    label: hidden
    settings:
      format: gutenberg
      content_only: true
    third_party_settings: {  }
    weight: 0
    region: content
hidden:
  field_pattern_category: true
  field_pattern_sync_status: true
  search_api_excerpt: true
